schema: '2.0'
stages:
  preprocess:
    cmd: poetry run preprocess --raw-data-path data/raw/cr_loan2.csv --preprocessed-data-path
      data/clean/clean_cr_loan.csv
    deps:
    - path: credit_default_prediction/preprocess.py
      hash: md5
      md5: 5adb0db2b96dd8344655882a6716774a
      size: 1888
    - path: data/raw/cr_loan2.csv
      hash: md5
      md5: f55e028c4bc9d2bd4e4e0976599a8994
      size: 1740274
      isexec: true
    outs:
    - path: data/clean/clean_cr_loan.csv
      hash: md5
      md5: 930227f4cc3cbe8e61779f316280da98
      size: 1617694
  split:
    cmd: poetry run split --preprocessed-data-path data/clean/clean_cr_loan.csv --train-path
      data/train.csv --test-path data/test.csv
    deps:
    - path: credit_default_prediction/split.py
      hash: md5
      md5: 1516ee88f00977285def5670e7a9e02b
      size: 1563
    - path: data/clean/clean_cr_loan.csv
      hash: md5
      md5: d0fb3132ed5427059f016d13cb06b1e4
      size: 3833903
    params:
      params.yaml:
        split:
          test_size: 0.3
          random_state: 123
    outs:
    - path: data/test.csv
      hash: md5
      md5: 00fcb9cf8afafb35dea30393b01b8f99
      size: 1150417
    - path: data/train.csv
      hash: md5
      md5: 26b8483322a7e9a7d79792c4e53309ef
      size: 2683929
  train:
    cmd: poetry run train --train-dataset-path data/train.csv --model-path model.pkl
    deps:
    - path: credit_default_prediction/train.py
      hash: md5
      md5: 3f9ce0f79ecce93a6bfc383dd791fc16
      size: 1006
    - path: data/train.csv
      hash: md5
      md5: 26b8483322a7e9a7d79792c4e53309ef
      size: 2683929
    params:
      params.yaml:
        train:
          learning_rate: 0.3
          max_depth: 4
          min_child_weight: 1
    outs:
    - path: model.pkl
      hash: md5
      md5: ce2f9f8ef2986355a1584fd24e2be84d
      size: 159760
  evaluate:
    cmd: poetry run evaluate --model-path model.pkl --test-dataset-path data/test.csv
    deps:
    - path: credit_default_prediction/evaluate.py
      hash: md5
      md5: 853c1f3b13c84c162edd95761de10c24
      size: 2726
    - path: data/test.csv
      hash: md5
      md5: 00fcb9cf8afafb35dea30393b01b8f99
      size: 1150417
    - path: model.pkl
      hash: md5
      md5: ce2f9f8ef2986355a1584fd24e2be84d
      size: 159760
